// !$*UTF8*$!
{
	archiveVersion = 1;
	classes = {
	};
	objectVersion = 46;
	objects = {

/* Begin PBXBuildFile section */
		49107F2F1BF82A6E00B0338E /* UIImage+Color.m in Sources */ = {isa = PBXBuildFile; fileRef = 49107F2E1BF82A6E00B0338E /* UIImage+Color.m */; };
		49265B3C1BDE8D680062F025 /* OtherDealsData.m in Sources */ = {isa = PBXBuildFile; fileRef = 49265B2A1BDE8D680062F025 /* OtherDealsData.m */; };
		49265B3D1BDE8D680062F025 /* BuyWebViewController.m in Sources */ = {isa = PBXBuildFile; fileRef = 49265B2D1BDE8D680062F025 /* BuyWebViewController.m */; };
		49265B3E1BDE8D680062F025 /* DealDetailViewController.m in Sources */ = {isa = PBXBuildFile; fileRef = 49265B2F1BDE8D680062F025 /* DealDetailViewController.m */; };
		49265B3F1BDE8D680062F025 /* DetailHeaderCell.m in Sources */ = {isa = PBXBuildFile; fileRef = 49265B321BDE8D680062F025 /* DetailHeaderCell.m */; };
		49265B401BDE8D680062F025 /* DetailMutipleWordsCell.m in Sources */ = {isa = PBXBuildFile; fileRef = 49265B341BDE8D680062F025 /* DetailMutipleWordsCell.m */; };
		49265B411BDE8D680062F025 /* DetailOtherDealCell.m in Sources */ = {isa = PBXBuildFile; fileRef = 49265B361BDE8D680062F025 /* DetailOtherDealCell.m */; };
		49265B421BDE8D680062F025 /* DealParterInfoCell.m in Sources */ = {isa = PBXBuildFile; fileRef = 49265B381BDE8D680062F025 /* DealParterInfoCell.m */; };
		49265B4A1BDE90C10062F025 /* CityListViewController.m in Sources */ = {isa = PBXBuildFile; fileRef = 49265B491BDE90C10062F025 /* CityListViewController.m */; };
		49265B511BDE94120062F025 /* categories.plist in Resources */ = {isa = PBXBuildFile; fileRef = 49265B4D1BDE94120062F025 /* categories.plist */; };
		49265B521BDE94120062F025 /* cities.plist in Resources */ = {isa = PBXBuildFile; fileRef = 49265B4E1BDE94120062F025 /* cities.plist */; };
		49265B531BDE94120062F025 /* cityGroups.plist in Resources */ = {isa = PBXBuildFile; fileRef = 49265B4F1BDE94120062F025 /* cityGroups.plist */; };
		49265B541BDE94120062F025 /* sorts.plist in Resources */ = {isa = PBXBuildFile; fileRef = 49265B501BDE94120062F025 /* sorts.plist */; };
		492A9F751BE26B8300F47AB2 /* SortPopView.m in Sources */ = {isa = PBXBuildFile; fileRef = 492A9F741BE26B8300F47AB2 /* SortPopView.m */; };
		492A9F781BE26DC200F47AB2 /* SortCell.m in Sources */ = {isa = PBXBuildFile; fileRef = 492A9F771BE26DC200F47AB2 /* SortCell.m */; };
		492A9F7B1BE283BB00F47AB2 /* SeachViewController.m in Sources */ = {isa = PBXBuildFile; fileRef = 492A9F7A1BE283BB00F47AB2 /* SeachViewController.m */; };
		49873A3F1BF4EB5E0032B347 /* UIScrollView+BottomRefreshControl.m in Sources */ = {isa = PBXBuildFile; fileRef = 49873A3E1BF4EB5E0032B347 /* UIScrollView+BottomRefreshControl.m */; };
		49873A581BF4EBC20032B347 /* MASCompositeConstraint.m in Sources */ = {isa = PBXBuildFile; fileRef = 49873A421BF4EBC20032B347 /* MASCompositeConstraint.m */; };
		49873A591BF4EBC20032B347 /* MASConstraint.m in Sources */ = {isa = PBXBuildFile; fileRef = 49873A451BF4EBC20032B347 /* MASConstraint.m */; };
		49873A5A1BF4EBC20032B347 /* MASConstraintMaker.m in Sources */ = {isa = PBXBuildFile; fileRef = 49873A471BF4EBC20032B347 /* MASConstraintMaker.m */; };
		49873A5B1BF4EBC20032B347 /* MASLayoutConstraint.m in Sources */ = {isa = PBXBuildFile; fileRef = 49873A491BF4EBC20032B347 /* MASLayoutConstraint.m */; };
		49873A5C1BF4EBC20032B347 /* MASViewAttribute.m in Sources */ = {isa = PBXBuildFile; fileRef = 49873A4D1BF4EBC20032B347 /* MASViewAttribute.m */; };
		49873A5D1BF4EBC20032B347 /* MASViewConstraint.m in Sources */ = {isa = PBXBuildFile; fileRef = 49873A4F1BF4EBC20032B347 /* MASViewConstraint.m */; };
		49873A5E1BF4EBC20032B347 /* NSArray+MASAdditions.m in Sources */ = {isa = PBXBuildFile; fileRef = 49873A511BF4EBC20032B347 /* NSArray+MASAdditions.m */; };
		49873A5F1BF4EBC20032B347 /* NSLayoutConstraint+MASDebugAdditions.m in Sources */ = {isa = PBXBuildFile; fileRef = 49873A541BF4EBC20032B347 /* NSLayoutConstraint+MASDebugAdditions.m */; };
		49873A601BF4EBC20032B347 /* View+MASAdditions.m in Sources */ = {isa = PBXBuildFile; fileRef = 49873A561BF4EBC20032B347 /* View+MASAdditions.m */; };
		4999F9191BF8B60400A8656C /* MBProgressHUD.m in Sources */ = {isa = PBXBuildFile; fileRef = 4999F9181BF8B60400A8656C /* MBProgressHUD.m */; };
		4999F91B1BF8B62C00A8656C /* Foundation.framework in Frameworks */ = {isa = PBXBuildFile; fileRef = 4999F91A1BF8B62C00A8656C /* Foundation.framework */; };
		4999F91D1BF8B63500A8656C /* UIKit.framework in Frameworks */ = {isa = PBXBuildFile; fileRef = 4999F91C1BF8B63500A8656C /* UIKit.framework */; };
		4999F91F1BF8B63E00A8656C /* CoreGraphics.framework in Frameworks */ = {isa = PBXBuildFile; fileRef = 4999F91E1BF8B63E00A8656C /* CoreGraphics.framework */; };
		4999F92D1BF8CBC700A8656C /* DJRefresh.bundle in Resources */ = {isa = PBXBuildFile; fileRef = 4999F9221BF8CBC700A8656C /* DJRefresh.bundle */; };
		4999F92E1BF8CBC700A8656C /* DJRefresh.m in Sources */ = {isa = PBXBuildFile; fileRef = 4999F9241BF8CBC700A8656C /* DJRefresh.m */; };
		4999F92F1BF8CBC700A8656C /* DJRefreshBottomView.m in Sources */ = {isa = PBXBuildFile; fileRef = 4999F9271BF8CBC700A8656C /* DJRefreshBottomView.m */; };
		4999F9301BF8CBC700A8656C /* DJRefreshTopView.m in Sources */ = {isa = PBXBuildFile; fileRef = 4999F92A1BF8CBC700A8656C /* DJRefreshTopView.m */; };
		4999F9311BF8CBC700A8656C /* DJRefreshView.m in Sources */ = {isa = PBXBuildFile; fileRef = 4999F92C1BF8CBC700A8656C /* DJRefreshView.m */; };
		49CEFEC21BE463230041C039 /* BaseFilterViewController.m in Sources */ = {isa = PBXBuildFile; fileRef = 49CEFEC11BE463230041C039 /* BaseFilterViewController.m */; };
		49CEFEC51BE513140041C039 /* LeftFilterCell.m in Sources */ = {isa = PBXBuildFile; fileRef = 49CEFEC41BE513140041C039 /* LeftFilterCell.m */; };
		49CEFECC1BE668630041C039 /* FindDealsRequestFactory.m in Sources */ = {isa = PBXBuildFile; fileRef = 49CEFECB1BE668630041C039 /* FindDealsRequestFactory.m */; };
		49CEFED21BE7ABE30041C039 /* CatagoryFilterViewController.m in Sources */ = {isa = PBXBuildFile; fileRef = 49CEFED11BE7ABE30041C039 /* CatagoryFilterViewController.m */; };
		49CEFED51BE7AC570041C039 /* RegionFilterViewController.m in Sources */ = {isa = PBXBuildFile; fileRef = 49CEFED41BE7AC570041C039 /* RegionFilterViewController.m */; };
		49F456661BF8707900F557B8 /* LocationMgr.m in Sources */ = {isa = PBXBuildFile; fileRef = 49F456651BF8707900F557B8 /* LocationMgr.m */; };
		A600E40C1BDCEBA100A8F20B /* CommonMethod.m in Sources */ = {isa = PBXBuildFile; fileRef = A600E40B1BDCEBA100A8F20B /* CommonMethod.m */; };
		A610EBB01BCEAE1300B25B4D /* HomeViewController.m in Sources */ = {isa = PBXBuildFile; fileRef = A610EB831BCEAE1300B25B4D /* HomeViewController.m */; };
		A610EBB11BCEAE1300B25B4D /* HomeCollectionViewCell.m in Sources */ = {isa = PBXBuildFile; fileRef = A610EB861BCEAE1300B25B4D /* HomeCollectionViewCell.m */; };
		A610EBB21BCEAE1300B25B4D /* DPAPI.m in Sources */ = {isa = PBXBuildFile; fileRef = A610EB8A1BCEAE1300B25B4D /* DPAPI.m */; };
		A610EBB31BCEAE1300B25B4D /* DPRequest.m in Sources */ = {isa = PBXBuildFile; fileRef = A610EB8D1BCEAE1300B25B4D /* DPRequest.m */; };
		A610EBB41BCEAE1300B25B4D /* MKAnnotationView+WebCache.m in Sources */ = {isa = PBXBuildFile; fileRef = A610EB901BCEAE1300B25B4D /* MKAnnotationView+WebCache.m */; };
		A610EBB51BCEAE1300B25B4D /* NSData+ImageContentType.m in Sources */ = {isa = PBXBuildFile; fileRef = A610EB921BCEAE1300B25B4D /* NSData+ImageContentType.m */; };
		A610EBB61BCEAE1300B25B4D /* SDImageCache.m in Sources */ = {isa = PBXBuildFile; fileRef = A610EB941BCEAE1300B25B4D /* SDImageCache.m */; };
		A610EBB71BCEAE1300B25B4D /* SDWebImageCompat.m in Sources */ = {isa = PBXBuildFile; fileRef = A610EB961BCEAE1300B25B4D /* SDWebImageCompat.m */; };
		A610EBB81BCEAE1300B25B4D /* SDWebImageDecoder.m in Sources */ = {isa = PBXBuildFile; fileRef = A610EB981BCEAE1300B25B4D /* SDWebImageDecoder.m */; };
		A610EBB91BCEAE1300B25B4D /* SDWebImageDownloader.m in Sources */ = {isa = PBXBuildFile; fileRef = A610EB9A1BCEAE1300B25B4D /* SDWebImageDownloader.m */; };
		A610EBBA1BCEAE1300B25B4D /* SDWebImageDownloaderOperation.m in Sources */ = {isa = PBXBuildFile; fileRef = A610EB9C1BCEAE1300B25B4D /* SDWebImageDownloaderOperation.m */; };
		A610EBBB1BCEAE1300B25B4D /* SDWebImageManager.m in Sources */ = {isa = PBXBuildFile; fileRef = A610EB9E1BCEAE1300B25B4D /* SDWebImageManager.m */; };
		A610EBBC1BCEAE1300B25B4D /* SDWebImagePrefetcher.m in Sources */ = {isa = PBXBuildFile; fileRef = A610EBA11BCEAE1300B25B4D /* SDWebImagePrefetcher.m */; };
		A610EBBD1BCEAE1300B25B4D /* UIButton+WebCache.m in Sources */ = {isa = PBXBuildFile; fileRef = A610EBA31BCEAE1300B25B4D /* UIButton+WebCache.m */; };
		A610EBBE1BCEAE1300B25B4D /* UIImage+GIF.m in Sources */ = {isa = PBXBuildFile; fileRef = A610EBA51BCEAE1300B25B4D /* UIImage+GIF.m */; };
		A610EBBF1BCEAE1300B25B4D /* UIImage+MultiFormat.m in Sources */ = {isa = PBXBuildFile; fileRef = A610EBA71BCEAE1300B25B4D /* UIImage+MultiFormat.m */; };
		A610EBC01BCEAE1300B25B4D /* UIImage+WebP.m in Sources */ = {isa = PBXBuildFile; fileRef = A610EBA91BCEAE1300B25B4D /* UIImage+WebP.m */; };
		A610EBC11BCEAE1300B25B4D /* UIImageView+HighlightedWebCache.m in Sources */ = {isa = PBXBuildFile; fileRef = A610EBAB1BCEAE1300B25B4D /* UIImageView+HighlightedWebCache.m */; };
		A610EBC21BCEAE1300B25B4D /* UIImageView+WebCache.m in Sources */ = {isa = PBXBuildFile; fileRef = A610EBAD1BCEAE1300B25B4D /* UIImageView+WebCache.m */; };
		A610EBC31BCEAE1300B25B4D /* UIView+WebCacheOperation.m in Sources */ = {isa = PBXBuildFile; fileRef = A610EBAF1BCEAE1300B25B4D /* UIView+WebCacheOperation.m */; };
		A670840A1BC943EA00F6A40F /* main.m in Sources */ = {isa = PBXBuildFile; fileRef = A67084091BC943EA00F6A40F /* main.m */; };
		A670840D1BC943EA00F6A40F /* AppDelegate.m in Sources */ = {isa = PBXBuildFile; fileRef = A670840C1BC943EA00F6A40F /* AppDelegate.m */; };
		A67084131BC943EA00F6A40F /* Main.storyboard in Resources */ = {isa = PBXBuildFile; fileRef = A67084111BC943EA00F6A40F /* Main.storyboard */; };
		A67084151BC943EA00F6A40F /* Images.xcassets in Resources */ = {isa = PBXBuildFile; fileRef = A67084141BC943EA00F6A40F /* Images.xcassets */; };
		A67084181BC943EA00F6A40F /* LaunchScreen.xib in Resources */ = {isa = PBXBuildFile; fileRef = A67084161BC943EA00F6A40F /* LaunchScreen.xib */; };
		A6E78A131BDFB2A40024101E /* CityListViewCell.m in Sources */ = {isa = PBXBuildFile; fileRef = A6E78A121BDFB2A40024101E /* CityListViewCell.m */; };
/* End PBXBuildFile section */

/* Begin PBXFileReference section */
		49107F2D1BF82A6E00B0338E /* UIImage+Color.h */ = {isa = PBXFileReference; fileEncoding = 4; lastKnownFileType = sourcecode.c.h; path = "UIImage+Color.h"; sourceTree = "<group>"; };
		49107F2E1BF82A6E00B0338E /* UIImage+Color.m */ = {isa = PBXFileReference; fileEncoding = 4; lastKnownFileType = sourcecode.c.objc; path = "UIImage+Color.m"; sourceTree = "<group>"; };
		49265B291BDE8D680062F025 /* OtherDealsData.h */ = {isa = PBXFileReference; fileEncoding = 4; lastKnownFileType = sourcecode.c.h; path = OtherDealsData.h; sourceTree = "<group>"; };
		49265B2A1BDE8D680062F025 /* OtherDealsData.m */ = {isa = PBXFileReference; fileEncoding = 4; lastKnownFileType = sourcecode.c.objc; path = OtherDealsData.m; sourceTree = "<group>"; };
		49265B2C1BDE8D680062F025 /* BuyWebViewController.h */ = {isa = PBXFileReference; fileEncoding = 4; lastKnownFileType = sourcecode.c.h; path = BuyWebViewController.h; sourceTree = "<group>"; };
		49265B2D1BDE8D680062F025 /* BuyWebViewController.m */ = {isa = PBXFileReference; fileEncoding = 4; lastKnownFileType = sourcecode.c.objc; path = BuyWebViewController.m; sourceTree = "<group>"; };
		49265B2E1BDE8D680062F025 /* DealDetailViewController.h */ = {isa = PBXFileReference; fileEncoding = 4; lastKnownFileType = sourcecode.c.h; path = DealDetailViewController.h; sourceTree = "<group>"; };
		49265B2F1BDE8D680062F025 /* DealDetailViewController.m */ = {isa = PBXFileReference; fileEncoding = 4; lastKnownFileType = sourcecode.c.objc; path = DealDetailViewController.m; sourceTree = "<group>"; };
		49265B311BDE8D680062F025 /* DetailHeaderCell.h */ = {isa = PBXFileReference; fileEncoding = 4; lastKnownFileType = sourcecode.c.h; path = DetailHeaderCell.h; sourceTree = "<group>"; };
		49265B321BDE8D680062F025 /* DetailHeaderCell.m */ = {isa = PBXFileReference; fileEncoding = 4; lastKnownFileType = sourcecode.c.objc; path = DetailHeaderCell.m; sourceTree = "<group>"; };
		49265B331BDE8D680062F025 /* DetailMutipleWordsCell.h */ = {isa = PBXFileReference; fileEncoding = 4; lastKnownFileType = sourcecode.c.h; path = DetailMutipleWordsCell.h; sourceTree = "<group>"; };
		49265B341BDE8D680062F025 /* DetailMutipleWordsCell.m */ = {isa = PBXFileReference; fileEncoding = 4; lastKnownFileType = sourcecode.c.objc; path = DetailMutipleWordsCell.m; sourceTree = "<group>"; };
		49265B351BDE8D680062F025 /* DetailOtherDealCell.h */ = {isa = PBXFileReference; fileEncoding = 4; lastKnownFileType = sourcecode.c.h; path = DetailOtherDealCell.h; sourceTree = "<group>"; };
		49265B361BDE8D680062F025 /* DetailOtherDealCell.m */ = {isa = PBXFileReference; fileEncoding = 4; lastKnownFileType = sourcecode.c.objc; path = DetailOtherDealCell.m; sourceTree = "<group>"; };
		49265B371BDE8D680062F025 /* DealParterInfoCell.h */ = {isa = PBXFileReference; fileEncoding = 4; lastKnownFileType = sourcecode.c.h; path = DealParterInfoCell.h; sourceTree = "<group>"; };
		49265B381BDE8D680062F025 /* DealParterInfoCell.m */ = {isa = PBXFileReference; fileEncoding = 4; lastKnownFileType = sourcecode.c.objc; path = DealParterInfoCell.m; sourceTree = "<group>"; };
		49265B481BDE90C10062F025 /* CityListViewController.h */ = {isa = PBXFileReference; fileEncoding = 4; lastKnownFileType = sourcecode.c.h; path = CityListViewController.h; sourceTree = "<group>"; };
		49265B491BDE90C10062F025 /* CityListViewController.m */ = {isa = PBXFileReference; fileEncoding = 4; lastKnownFileType = sourcecode.c.objc; path = CityListViewController.m; sourceTree = "<group>"; };
		49265B4D1BDE94120062F025 /* categories.plist */ = {isa = PBXFileReference; fileEncoding = 4; lastKnownFileType = text.plist.xml; path = categories.plist; sourceTree = "<group>"; };
		49265B4E1BDE94120062F025 /* cities.plist */ = {isa = PBXFileReference; fileEncoding = 4; lastKnownFileType = text.plist.xml; path = cities.plist; sourceTree = "<group>"; };
		49265B4F1BDE94120062F025 /* cityGroups.plist */ = {isa = PBXFileReference; fileEncoding = 4; lastKnownFileType = text.plist.xml; path = cityGroups.plist; sourceTree = "<group>"; };
		49265B501BDE94120062F025 /* sorts.plist */ = {isa = PBXFileReference; fileEncoding = 4; lastKnownFileType = text.plist.xml; path = sorts.plist; sourceTree = "<group>"; };
		492A9F731BE26B8300F47AB2 /* SortPopView.h */ = {isa = PBXFileReference; fileEncoding = 4; lastKnownFileType = sourcecode.c.h; path = SortPopView.h; sourceTree = "<group>"; };
		492A9F741BE26B8300F47AB2 /* SortPopView.m */ = {isa = PBXFileReference; fileEncoding = 4; lastKnownFileType = sourcecode.c.objc; path = SortPopView.m; sourceTree = "<group>"; };
		492A9F761BE26DC200F47AB2 /* SortCell.h */ = {isa = PBXFileReference; fileEncoding = 4; lastKnownFileType = sourcecode.c.h; path = SortCell.h; sourceTree = "<group>"; };
		492A9F771BE26DC200F47AB2 /* SortCell.m */ = {isa = PBXFileReference; fileEncoding = 4; lastKnownFileType = sourcecode.c.objc; path = SortCell.m; sourceTree = "<group>"; };
		492A9F791BE283BB00F47AB2 /* SeachViewController.h */ = {isa = PBXFileReference; fileEncoding = 4; lastKnownFileType = sourcecode.c.h; path = SeachViewController.h; sourceTree = "<group>"; };
		492A9F7A1BE283BB00F47AB2 /* SeachViewController.m */ = {isa = PBXFileReference; fileEncoding = 4; lastKnownFileType = sourcecode.c.objc; path = SeachViewController.m; sourceTree = "<group>"; };
		49873A3D1BF4EB5E0032B347 /* UIScrollView+BottomRefreshControl.h */ = {isa = PBXFileReference; fileEncoding = 4; lastKnownFileType = sourcecode.c.h; path = "UIScrollView+BottomRefreshControl.h"; sourceTree = "<group>"; };
		49873A3E1BF4EB5E0032B347 /* UIScrollView+BottomRefreshControl.m */ = {isa = PBXFileReference; fileEncoding = 4; lastKnownFileType = sourcecode.c.objc; path = "UIScrollView+BottomRefreshControl.m"; sourceTree = "<group>"; };
		49873A411BF4EBC20032B347 /* MASCompositeConstraint.h */ = {isa = PBXFileReference; fileEncoding = 4; lastKnownFileType = sourcecode.c.h; path = MASCompositeConstraint.h; sourceTree = "<group>"; };
		49873A421BF4EBC20032B347 /* MASCompositeConstraint.m */ = {isa = PBXFileReference; fileEncoding = 4; lastKnownFileType = sourcecode.c.objc; path = MASCompositeConstraint.m; sourceTree = "<group>"; };
		49873A431BF4EBC20032B347 /* MASConstraint+Private.h */ = {isa = PBXFileReference; fileEncoding = 4; lastKnownFileType = sourcecode.c.h; path = "MASConstraint+Private.h"; sourceTree = "<group>"; };
		49873A441BF4EBC20032B347 /* MASConstraint.h */ = {isa = PBXFileReference; fileEncoding = 4; lastKnownFileType = sourcecode.c.h; path = MASConstraint.h; sourceTree = "<group>"; };
		49873A451BF4EBC20032B347 /* MASConstraint.m */ = {isa = PBXFileReference; fileEncoding = 4; lastKnownFileType = sourcecode.c.objc; path = MASConstraint.m; sourceTree = "<group>"; };
		49873A461BF4EBC20032B347 /* MASConstraintMaker.h */ = {isa = PBXFileReference; fileEncoding = 4; lastKnownFileType = sourcecode.c.h; path = MASConstraintMaker.h; sourceTree = "<group>"; };
		49873A471BF4EBC20032B347 /* MASConstraintMaker.m */ = {isa = PBXFileReference; fileEncoding = 4; lastKnownFileType = sourcecode.c.objc; path = MASConstraintMaker.m; sourceTree = "<group>"; };
		49873A481BF4EBC20032B347 /* MASLayoutConstraint.h */ = {isa = PBXFileReference; fileEncoding = 4; lastKnownFileType = sourcecode.c.h; path = MASLayoutConstraint.h; sourceTree = "<group>"; };
		49873A491BF4EBC20032B347 /* MASLayoutConstraint.m */ = {isa = PBXFileReference; fileEncoding = 4; lastKnownFileType = sourcecode.c.objc; path = MASLayoutConstraint.m; sourceTree = "<group>"; };
		49873A4A1BF4EBC20032B347 /* Masonry.h */ = {isa = PBXFileReference; fileEncoding = 4; lastKnownFileType = sourcecode.c.h; path = Masonry.h; sourceTree = "<group>"; };
		49873A4B1BF4EBC20032B347 /* MASUtilities.h */ = {isa = PBXFileReference; fileEncoding = 4; lastKnownFileType = sourcecode.c.h; path = MASUtilities.h; sourceTree = "<group>"; };
		49873A4C1BF4EBC20032B347 /* MASViewAttribute.h */ = {isa = PBXFileReference; fileEncoding = 4; lastKnownFileType = sourcecode.c.h; path = MASViewAttribute.h; sourceTree = "<group>"; };
		49873A4D1BF4EBC20032B347 /* MASViewAttribute.m */ = {isa = PBXFileReference; fileEncoding = 4; lastKnownFileType = sourcecode.c.objc; path = MASViewAttribute.m; sourceTree = "<group>"; };
		49873A4E1BF4EBC20032B347 /* MASViewConstraint.h */ = {isa = PBXFileReference; fileEncoding = 4; lastKnownFileType = sourcecode.c.h; path = MASViewConstraint.h; sourceTree = "<group>"; };
		49873A4F1BF4EBC20032B347 /* MASViewConstraint.m */ = {isa = PBXFileReference; fileEncoding = 4; lastKnownFileType = sourcecode.c.objc; path = MASViewConstraint.m; sourceTree = "<group>"; };
		49873A501BF4EBC20032B347 /* NSArray+MASAdditions.h */ = {isa = PBXFileReference; fileEncoding = 4; lastKnownFileType = sourcecode.c.h; path = "NSArray+MASAdditions.h"; sourceTree = "<group>"; };
		49873A511BF4EBC20032B347 /* NSArray+MASAdditions.m */ = {isa = PBXFileReference; fileEncoding = 4; lastKnownFileType = sourcecode.c.objc; path = "NSArray+MASAdditions.m"; sourceTree = "<group>"; };
		49873A521BF4EBC20032B347 /* NSArray+MASShorthandAdditions.h */ = {isa = PBXFileReference; fileEncoding = 4; lastKnownFileType = sourcecode.c.h; path = "NSArray+MASShorthandAdditions.h"; sourceTree = "<group>"; };
		49873A531BF4EBC20032B347 /* NSLayoutConstraint+MASDebugAdditions.h */ = {isa = PBXFileReference; fileEncoding = 4; lastKnownFileType = sourcecode.c.h; path = "NSLayoutConstraint+MASDebugAdditions.h"; sourceTree = "<group>"; };
		49873A541BF4EBC20032B347 /* NSLayoutConstraint+MASDebugAdditions.m */ = {isa = PBXFileReference; fileEncoding = 4; lastKnownFileType = sourcecode.c.objc; path = "NSLayoutConstraint+MASDebugAdditions.m"; sourceTree = "<group>"; };
		49873A551BF4EBC20032B347 /* View+MASAdditions.h */ = {isa = PBXFileReference; fileEncoding = 4; lastKnownFileType = sourcecode.c.h; path = "View+MASAdditions.h"; sourceTree = "<group>"; };
		49873A561BF4EBC20032B347 /* View+MASAdditions.m */ = {isa = PBXFileReference; fileEncoding = 4; lastKnownFileType = sourcecode.c.objc; path = "View+MASAdditions.m"; sourceTree = "<group>"; };
		49873A571BF4EBC20032B347 /* View+MASShorthandAdditions.h */ = {isa = PBXFileReference; fileEncoding = 4; lastKnownFileType = sourcecode.c.h; path = "View+MASShorthandAdditions.h"; sourceTree = "<group>"; };
		4999F9171BF8B60400A8656C /* MBProgressHUD.h */ = {isa = PBXFileReference; fileEncoding = 4; lastKnownFileType = sourcecode.c.h; path = MBProgressHUD.h; sourceTree = "<group>"; };
		4999F9181BF8B60400A8656C /* MBProgressHUD.m */ = {isa = PBXFileReference; fileEncoding = 4; lastKnownFileType = sourcecode.c.objc; path = MBProgressHUD.m; sourceTree = "<group>"; };
		4999F91A1BF8B62C00A8656C /* Foundation.framework */ = {isa = PBXFileReference; lastKnownFileType = wrapper.framework; name = Foundation.framework; path = System/Library/Frameworks/Foundation.framework; sourceTree = SDKROOT; };
		4999F91C1BF8B63500A8656C /* UIKit.framework */ = {isa = PBXFileReference; lastKnownFileType = wrapper.framework; name = UIKit.framework; path = System/Library/Frameworks/UIKit.framework; sourceTree = SDKROOT; };
		4999F91E1BF8B63E00A8656C /* CoreGraphics.framework */ = {isa = PBXFileReference; lastKnownFileType = wrapper.framework; name = CoreGraphics.framework; path = System/Library/Frameworks/CoreGraphics.framework; sourceTree = SDKROOT; };
		4999F9221BF8CBC700A8656C /* DJRefresh.bundle */ = {isa = PBXFileReference; lastKnownFileType = "wrapper.plug-in"; path = DJRefresh.bundle; sourceTree = "<group>"; };
		4999F9231BF8CBC700A8656C /* DJRefresh.h */ = {isa = PBXFileReference; fileEncoding = 4; lastKnownFileType = sourcecode.c.h; path = DJRefresh.h; sourceTree = "<group>"; };
		4999F9241BF8CBC700A8656C /* DJRefresh.m */ = {isa = PBXFileReference; fileEncoding = 4; lastKnownFileType = sourcecode.c.objc; path = DJRefresh.m; sourceTree = "<group>"; };
		4999F9261BF8CBC700A8656C /* DJRefreshBottomView.h */ = {isa = PBXFileReference; fileEncoding = 4; lastKnownFileType = sourcecode.c.h; path = DJRefreshBottomView.h; sourceTree = "<group>"; };
		4999F9271BF8CBC700A8656C /* DJRefreshBottomView.m */ = {isa = PBXFileReference; fileEncoding = 4; lastKnownFileType = sourcecode.c.objc; path = DJRefreshBottomView.m; sourceTree = "<group>"; };
		4999F9281BF8CBC700A8656C /* DJRefreshMacro.h */ = {isa = PBXFileReference; fileEncoding = 4; lastKnownFileType = sourcecode.c.h; path = DJRefreshMacro.h; sourceTree = "<group>"; };
		4999F9291BF8CBC700A8656C /* DJRefreshTopView.h */ = {isa = PBXFileReference; fileEncoding = 4; lastKnownFileType = sourcecode.c.h; path = DJRefreshTopView.h; sourceTree = "<group>"; };
		4999F92A1BF8CBC700A8656C /* DJRefreshTopView.m */ = {isa = PBXFileReference; fileEncoding = 4; lastKnownFileType = sourcecode.c.objc; path = DJRefreshTopView.m; sourceTree = "<group>"; };
		4999F92B1BF8CBC700A8656C /* DJRefreshView.h */ = {isa = PBXFileReference; fileEncoding = 4; lastKnownFileType = sourcecode.c.h; path = DJRefreshView.h; sourceTree = "<group>"; };
		4999F92C1BF8CBC700A8656C /* DJRefreshView.m */ = {isa = PBXFileReference; fileEncoding = 4; lastKnownFileType = sourcecode.c.objc; path = DJRefreshView.m; sourceTree = "<group>"; };
		49C243421C004DE100E70783 /* zh-Hans */ = {isa = PBXFileReference; lastKnownFileType = text.plist.strings; name = "zh-Hans"; path = "zh-Hans.lproj/Main.strings"; sourceTree = "<group>"; };
		49C243431C004DE100E70783 /* zh-Hans */ = {isa = PBXFileReference; lastKnownFileType = text.plist.strings; name = "zh-Hans"; path = "zh-Hans.lproj/LaunchScreen.strings"; sourceTree = "<group>"; };
		49CEFEC01BE463230041C039 /* BaseFilterViewController.h */ = {isa = PBXFileReference; fileEncoding = 4; lastKnownFileType = sourcecode.c.h; path = BaseFilterViewController.h; sourceTree = "<group>"; };
		49CEFEC11BE463230041C039 /* BaseFilterViewController.m */ = {isa = PBXFileReference; fileEncoding = 4; lastKnownFileType = sourcecode.c.objc; path = BaseFilterViewController.m; sourceTree = "<group>"; };
		49CEFEC31BE513140041C039 /* LeftFilterCell.h */ = {isa = PBXFileReference; fileEncoding = 4; lastKnownFileType = sourcecode.c.h; path = LeftFilterCell.h; sourceTree = "<group>"; };
		49CEFEC41BE513140041C039 /* LeftFilterCell.m */ = {isa = PBXFileReference; fileEncoding = 4; lastKnownFileType = sourcecode.c.objc; path = LeftFilterCell.m; sourceTree = "<group>"; };
		49CEFECA1BE668630041C039 /* FindDealsRequestFactory.h */ = {isa = PBXFileReference; fileEncoding = 4; lastKnownFileType = sourcecode.c.h; path = FindDealsRequestFactory.h; sourceTree = "<group>"; };
		49CEFECB1BE668630041C039 /* FindDealsRequestFactory.m */ = {isa = PBXFileReference; fileEncoding = 4; lastKnownFileType = sourcecode.c.objc; path = FindDealsRequestFactory.m; sourceTree = "<group>"; };
		49CEFED01BE7ABE30041C039 /* CatagoryFilterViewController.h */ = {isa = PBXFileReference; fileEncoding = 4; lastKnownFileType = sourcecode.c.h; path = CatagoryFilterViewController.h; sourceTree = "<group>"; };
		49CEFED11BE7ABE30041C039 /* CatagoryFilterViewController.m */ = {isa = PBXFileReference; fileEncoding = 4; lastKnownFileType = sourcecode.c.objc; path = CatagoryFilterViewController.m; sourceTree = "<group>"; };
		49CEFED31BE7AC570041C039 /* RegionFilterViewController.h */ = {isa = PBXFileReference; fileEncoding = 4; lastKnownFileType = sourcecode.c.h; path = RegionFilterViewController.h; sourceTree = "<group>"; };
		49CEFED41BE7AC570041C039 /* RegionFilterViewController.m */ = {isa = PBXFileReference; fileEncoding = 4; lastKnownFileType = sourcecode.c.objc; path = RegionFilterViewController.m; sourceTree = "<group>"; };
		49F456641BF8707900F557B8 /* LocationMgr.h */ = {isa = PBXFileReference; fileEncoding = 4; lastKnownFileType = sourcecode.c.h; path = LocationMgr.h; sourceTree = "<group>"; };
		49F456651BF8707900F557B8 /* LocationMgr.m */ = {isa = PBXFileReference; fileEncoding = 4; lastKnownFileType = sourcecode.c.objc; path = LocationMgr.m; sourceTree = "<group>"; };
		A600E40A1BDCEBA100A8F20B /* CommonMethod.h */ = {isa = PBXFileReference; fileEncoding = 4; lastKnownFileType = sourcecode.c.h; path = CommonMethod.h; sourceTree = "<group>"; };
		A600E40B1BDCEBA100A8F20B /* CommonMethod.m */ = {isa = PBXFileReference; fileEncoding = 4; lastKnownFileType = sourcecode.c.objc; path = CommonMethod.m; sourceTree = "<group>"; };
		A610EB821BCEAE1300B25B4D /* HomeViewController.h */ = {isa = PBXFileReference; fileEncoding = 4; lastKnownFileType = sourcecode.c.h; path = HomeViewController.h; sourceTree = "<group>"; };
		A610EB831BCEAE1300B25B4D /* HomeViewController.m */ = {isa = PBXFileReference; fileEncoding = 4; lastKnownFileType = sourcecode.c.objc; path = HomeViewController.m; sourceTree = "<group>"; };
		A610EB851BCEAE1300B25B4D /* HomeCollectionViewCell.h */ = {isa = PBXFileReference; fileEncoding = 4; lastKnownFileType = sourcecode.c.h; path = HomeCollectionViewCell.h; sourceTree = "<group>"; };
		A610EB861BCEAE1300B25B4D /* HomeCollectionViewCell.m */ = {isa = PBXFileReference; fileEncoding = 4; lastKnownFileType = sourcecode.c.objc; path = HomeCollectionViewCell.m; sourceTree = "<group>"; };
		A610EB891BCEAE1300B25B4D /* DPAPI.h */ = {isa = PBXFileReference; fileEncoding = 4; lastKnownFileType = sourcecode.c.h; path = DPAPI.h; sourceTree = "<group>"; };
		A610EB8A1BCEAE1300B25B4D /* DPAPI.m */ = {isa = PBXFileReference; fileEncoding = 4; lastKnownFileType = sourcecode.c.objc; path = DPAPI.m; sourceTree = "<group>"; };
		A610EB8B1BCEAE1300B25B4D /* DPConstants.h */ = {isa = PBXFileReference; fileEncoding = 4; lastKnownFileType = sourcecode.c.h; path = DPConstants.h; sourceTree = "<group>"; };
		A610EB8C1BCEAE1300B25B4D /* DPRequest.h */ = {isa = PBXFileReference; fileEncoding = 4; lastKnownFileType = sourcecode.c.h; path = DPRequest.h; sourceTree = "<group>"; };
		A610EB8D1BCEAE1300B25B4D /* DPRequest.m */ = {isa = PBXFileReference; fileEncoding = 4; lastKnownFileType = sourcecode.c.objc; path = DPRequest.m; sourceTree = "<group>"; };
		A610EB8F1BCEAE1300B25B4D /* MKAnnotationView+WebCache.h */ = {isa = PBXFileReference; fileEncoding = 4; lastKnownFileType = sourcecode.c.h; path = "MKAnnotationView+WebCache.h"; sourceTree = "<group>"; };
		A610EB901BCEAE1300B25B4D /* MKAnnotationView+WebCache.m */ = {isa = PBXFileReference; fileEncoding = 4; lastKnownFileType = sourcecode.c.objc; path = "MKAnnotationView+WebCache.m"; sourceTree = "<group>"; };
		A610EB911BCEAE1300B25B4D /* NSData+ImageContentType.h */ = {isa = PBXFileReference; fileEncoding = 4; lastKnownFileType = sourcecode.c.h; path = "NSData+ImageContentType.h"; sourceTree = "<group>"; };
		A610EB921BCEAE1300B25B4D /* NSData+ImageContentType.m */ = {isa = PBXFileReference; fileEncoding = 4; lastKnownFileType = sourcecode.c.objc; path = "NSData+ImageContentType.m"; sourceTree = "<group>"; };
		A610EB931BCEAE1300B25B4D /* SDImageCache.h */ = {isa = PBXFileReference; fileEncoding = 4; lastKnownFileType = sourcecode.c.h; path = SDImageCache.h; sourceTree = "<group>"; };
		A610EB941BCEAE1300B25B4D /* SDImageCache.m */ = {isa = PBXFileReference; fileEncoding = 4; lastKnownFileType = sourcecode.c.objc; path = SDImageCache.m; sourceTree = "<group>"; };
		A610EB951BCEAE1300B25B4D /* SDWebImageCompat.h */ = {isa = PBXFileReference; fileEncoding = 4; lastKnownFileType = sourcecode.c.h; path = SDWebImageCompat.h; sourceTree = "<group>"; };
		A610EB961BCEAE1300B25B4D /* SDWebImageCompat.m */ = {isa = PBXFileReference; fileEncoding = 4; lastKnownFileType = sourcecode.c.objc; path = SDWebImageCompat.m; sourceTree = "<group>"; };
		A610EB971BCEAE1300B25B4D /* SDWebImageDecoder.h */ = {isa = PBXFileReference; fileEncoding = 4; lastKnownFileType = sourcecode.c.h; path = SDWebImageDecoder.h; sourceTree = "<group>"; };
		A610EB981BCEAE1300B25B4D /* SDWebImageDecoder.m */ = {isa = PBXFileReference; fileEncoding = 4; lastKnownFileType = sourcecode.c.objc; path = SDWebImageDecoder.m; sourceTree = "<group>"; };
		A610EB991BCEAE1300B25B4D /* SDWebImageDownloader.h */ = {isa = PBXFileReference; fileEncoding = 4; lastKnownFileType = sourcecode.c.h; path = SDWebImageDownloader.h; sourceTree = "<group>"; };
		A610EB9A1BCEAE1300B25B4D /* SDWebImageDownloader.m */ = {isa = PBXFileReference; fileEncoding = 4; lastKnownFileType = sourcecode.c.objc; path = SDWebImageDownloader.m; sourceTree = "<group>"; };
		A610EB9B1BCEAE1300B25B4D /* SDWebImageDownloaderOperation.h */ = {isa = PBXFileReference; fileEncoding = 4; lastKnownFileType = sourcecode.c.h; path = SDWebImageDownloaderOperation.h; sourceTree = "<group>"; };
		A610EB9C1BCEAE1300B25B4D /* SDWebImageDownloaderOperation.m */ = {isa = PBXFileReference; fileEncoding = 4; lastKnownFileType = sourcecode.c.objc; path = SDWebImageDownloaderOperation.m; sourceTree = "<group>"; };
		A610EB9D1BCEAE1300B25B4D /* SDWebImageManager.h */ = {isa = PBXFileReference; fileEncoding = 4; lastKnownFileType = sourcecode.c.h; path = SDWebImageManager.h; sourceTree = "<group>"; };
		A610EB9E1BCEAE1300B25B4D /* SDWebImageManager.m */ = {isa = PBXFileReference; fileEncoding = 4; lastKnownFileType = sourcecode.c.objc; path = SDWebImageManager.m; sourceTree = "<group>"; };
		A610EB9F1BCEAE1300B25B4D /* SDWebImageOperation.h */ = {isa = PBXFileReference; fileEncoding = 4; lastKnownFileType = sourcecode.c.h; path = SDWebImageOperation.h; sourceTree = "<group>"; };
		A610EBA01BCEAE1300B25B4D /* SDWebImagePrefetcher.h */ = {isa = PBXFileReference; fileEncoding = 4; lastKnownFileType = sourcecode.c.h; path = SDWebImagePrefetcher.h; sourceTree = "<group>"; };
		A610EBA11BCEAE1300B25B4D /* SDWebImagePrefetcher.m */ = {isa = PBXFileReference; fileEncoding = 4; lastKnownFileType = sourcecode.c.objc; path = SDWebImagePrefetcher.m; sourceTree = "<group>"; };
		A610EBA21BCEAE1300B25B4D /* UIButton+WebCache.h */ = {isa = PBXFileReference; fileEncoding = 4; lastKnownFileType = sourcecode.c.h; path = "UIButton+WebCache.h"; sourceTree = "<group>"; };
		A610EBA31BCEAE1300B25B4D /* UIButton+WebCache.m */ = {isa = PBXFileReference; fileEncoding = 4; lastKnownFileType = sourcecode.c.objc; path = "UIButton+WebCache.m"; sourceTree = "<group>"; };
		A610EBA41BCEAE1300B25B4D /* UIImage+GIF.h */ = {isa = PBXFileReference; fileEncoding = 4; lastKnownFileType = sourcecode.c.h; path = "UIImage+GIF.h"; sourceTree = "<group>"; };
		A610EBA51BCEAE1300B25B4D /* UIImage+GIF.m */ = {isa = PBXFileReference; fileEncoding = 4; lastKnownFileType = sourcecode.c.objc; path = "UIImage+GIF.m"; sourceTree = "<group>"; };
		A610EBA61BCEAE1300B25B4D /* UIImage+MultiFormat.h */ = {isa = PBXFileReference; fileEncoding = 4; lastKnownFileType = sourcecode.c.h; path = "UIImage+MultiFormat.h"; sourceTree = "<group>"; };
		A610EBA71BCEAE1300B25B4D /* UIImage+MultiFormat.m */ = {isa = PBXFileReference; fileEncoding = 4; lastKnownFileType = sourcecode.c.objc; path = "UIImage+MultiFormat.m"; sourceTree = "<group>"; };
		A610EBA81BCEAE1300B25B4D /* UIImage+WebP.h */ = {isa = PBXFileReference; fileEncoding = 4; lastKnownFileType = sourcecode.c.h; path = "UIImage+WebP.h"; sourceTree = "<group>"; };
		A610EBA91BCEAE1300B25B4D /* UIImage+WebP.m */ = {isa = PBXFileReference; fileEncoding = 4; lastKnownFileType = sourcecode.c.objc; path = "UIImage+WebP.m"; sourceTree = "<group>"; };
		A610EBAA1BCEAE1300B25B4D /* UIImageView+HighlightedWebCache.h */ = {isa = PBXFileReference; fileEncoding = 4; lastKnownFileType = sourcecode.c.h; path = "UIImageView+HighlightedWebCache.h"; sourceTree = "<group>"; };
		A610EBAB1BCEAE1300B25B4D /* UIImageView+HighlightedWebCache.m */ = {isa = PBXFileReference; fileEncoding = 4; lastKnownFileType = sourcecode.c.objc; path = "UIImageView+HighlightedWebCache.m"; sourceTree = "<group>"; };
		A610EBAC1BCEAE1300B25B4D /* UIImageView+WebCache.h */ = {isa = PBXFileReference; fileEncoding = 4; lastKnownFileType = sourcecode.c.h; path = "UIImageView+WebCache.h"; sourceTree = "<group>"; };
		A610EBAD1BCEAE1300B25B4D /* UIImageView+WebCache.m */ = {isa = PBXFileReference; fileEncoding = 4; lastKnownFileType = sourcecode.c.objc; path = "UIImageView+WebCache.m"; sourceTree = "<group>"; };
		A610EBAE1BCEAE1300B25B4D /* UIView+WebCacheOperation.h */ = {isa = PBXFileReference; fileEncoding = 4; lastKnownFileType = sourcecode.c.h; path = "UIView+WebCacheOperation.h"; sourceTree = "<group>"; };
		A610EBAF1BCEAE1300B25B4D /* UIView+WebCacheOperation.m */ = {isa = PBXFileReference; fileEncoding = 4; lastKnownFileType = sourcecode.c.objc; path = "UIView+WebCacheOperation.m"; sourceTree = "<group>"; };
		A610EBC41BCEB17F00B25B4D /* PrefixHeader.pch */ = {isa = PBXFileReference; lastKnownFileType = sourcecode.c.h; path = PrefixHeader.pch; sourceTree = "<group>"; };
		A67084041BC943EA00F6A40F /* 欣欣然购.app */ = {isa = PBXFileReference; explicitFileType = wrapper.application; includeInIndex = 0; path = "欣欣然购.app"; sourceTree = BUILT_PRODUCTS_DIR; };
		A67084081BC943EA00F6A40F /* Info.plist */ = {isa = PBXFileReference; lastKnownFileType = text.plist.xml; path = Info.plist; sourceTree = "<group>"; };
		A67084091BC943EA00F6A40F /* main.m */ = {isa = PBXFileReference; lastKnownFileType = sourcecode.c.objc; path = main.m; sourceTree = "<group>"; };
		A670840B1BC943EA00F6A40F /* AppDelegate.h */ = {isa = PBXFileReference; lastKnownFileType = sourcecode.c.h; path = AppDelegate.h; sourceTree = "<group>"; };
		A670840C1BC943EA00F6A40F /* AppDelegate.m */ = {isa = PBXFileReference; lastKnownFileType = sourcecode.c.objc; path = AppDelegate.m; sourceTree = "<group>"; };
		A67084121BC943EA00F6A40F /* Base */ = {isa = PBXFileReference; lastKnownFileType = file.storyboard; name = Base; path = Base.lproj/Main.storyboard; sourceTree = "<group>"; };
		A67084141BC943EA00F6A40F /* Images.xcassets */ = {isa = PBXFileReference; lastKnownFileType = folder.assetcatalog; path = Images.xcassets; sourceTree = "<group>"; };
		A67084171BC943EA00F6A40F /* Base */ = {isa = PBXFileReference; lastKnownFileType = file.xib; name = Base; path = Base.lproj/LaunchScreen.xib; sourceTree = "<group>"; };
		A67084221BC943EB00F6A40F /* Info.plist */ = {isa = PBXFileReference; lastKnownFileType = text.plist.xml; path = Info.plist; sourceTree = "<group>"; };
		A67084231BC943EB00F6A40F /* MeiTuanTests.m */ = {isa = PBXFileReference; lastKnownFileType = sourcecode.c.objc; path = MeiTuanTests.m; sourceTree = "<group>"; };
		A6E78A111BDFB2A40024101E /* CityListViewCell.h */ = {isa = PBXFileReference; fileEncoding = 4; lastKnownFileType = sourcecode.c.h; name = CityListViewCell.h; path = MeiTuan/SearchFilter/CityListViewCell.h; sourceTree = SOURCE_ROOT; };
		A6E78A121BDFB2A40024101E /* CityListViewCell.m */ = {isa = PBXFileReference; fileEncoding = 4; lastKnownFileType = sourcecode.c.objc; name = CityListViewCell.m; path = MeiTuan/SearchFilter/CityListViewCell.m; sourceTree = SOURCE_ROOT; };
/* End PBXFileReference section */

/* Begin PBXFrameworksBuildPhase section */
		A67084011BC943EA00F6A40F /* Frameworks */ = {
			isa = PBXFrameworksBuildPhase;
			buildActionMask = 2147483647;
			files = (
				4999F91F1BF8B63E00A8656C /* CoreGraphics.framework in Frameworks */,
				4999F91D1BF8B63500A8656C /* UIKit.framework in Frameworks */,
				4999F91B1BF8B62C00A8656C /* Foundation.framework in Frameworks */,
			);
			runOnlyForDeploymentPostprocessing = 0;
		};
/* End PBXFrameworksBuildPhase section */

/* Begin PBXGroup section */
		49107F2C1BF82A6E00B0338E /* Catagory */ = {
			isa = PBXGroup;
			children = (
				49107F2D1BF82A6E00B0338E /* UIImage+Color.h */,
				49107F2E1BF82A6E00B0338E /* UIImage+Color.m */,
			);
			path = Catagory;
			sourceTree = "<group>";
		};
		49265B271BDE8D680062F025 /* DetailPage */ = {
			isa = PBXGroup;
			children = (
				49265B281BDE8D680062F025 /* Common */,
				49265B2B1BDE8D680062F025 /* ViewController */,
				49265B301BDE8D680062F025 /* Views */,
			);
			path = DetailPage;
			sourceTree = "<group>";
		};
		49265B281BDE8D680062F025 /* Common */ = {
			isa = PBXGroup;
			children = (
				49265B291BDE8D680062F025 /* OtherDealsData.h */,
				49265B2A1BDE8D680062F025 /* OtherDealsData.m */,
			);
			path = Common;
			sourceTree = "<group>";
		};
		49265B2B1BDE8D680062F025 /* ViewController */ = {
			isa = PBXGroup;
			children = (
				49265B2C1BDE8D680062F025 /* BuyWebViewController.h */,
				49265B2D1BDE8D680062F025 /* BuyWebViewController.m */,
				49265B2E1BDE8D680062F025 /* DealDetailViewController.h */,
				49265B2F1BDE8D680062F025 /* DealDetailViewController.m */,
			);
			path = ViewController;
			sourceTree = "<group>";
		};
		49265B301BDE8D680062F025 /* Views */ = {
			isa = PBXGroup;
			children = (
				49265B311BDE8D680062F025 /* DetailHeaderCell.h */,
				49265B321BDE8D680062F025 /* DetailHeaderCell.m */,
				49265B331BDE8D680062F025 /* DetailMutipleWordsCell.h */,
				49265B341BDE8D680062F025 /* DetailMutipleWordsCell.m */,
				49265B351BDE8D680062F025 /* DetailOtherDealCell.h */,
				49265B361BDE8D680062F025 /* DetailOtherDealCell.m */,
				49265B371BDE8D680062F025 /* DealParterInfoCell.h */,
				49265B381BDE8D680062F025 /* DealParterInfoCell.m */,
			);
			path = Views;
			sourceTree = "<group>";
		};
		49265B441BDE902C0062F025 /* SearchFilter */ = {
			isa = PBXGroup;
			children = (
				49265B451BDE902C0062F025 /* Commom */,
				49265B461BDE902C0062F025 /* ViewController */,
				49265B471BDE902C0062F025 /* Views */,
			);
			path = SearchFilter;
			sourceTree = "<group>";
		};
		49265B451BDE902C0062F025 /* Commom */ = {
			isa = PBXGroup;
			children = (
			);
			path = Commom;
			sourceTree = "<group>";
		};
		49265B461BDE902C0062F025 /* ViewController */ = {
			isa = PBXGroup;
			children = (
				49265B481BDE90C10062F025 /* CityListViewController.h */,
				49265B491BDE90C10062F025 /* CityListViewController.m */,
				492A9F791BE283BB00F47AB2 /* SeachViewController.h */,
				492A9F7A1BE283BB00F47AB2 /* SeachViewController.m */,
				49CEFEC01BE463230041C039 /* BaseFilterViewController.h */,
				49CEFEC11BE463230041C039 /* BaseFilterViewController.m */,
				49CEFED01BE7ABE30041C039 /* CatagoryFilterViewController.h */,
				49CEFED11BE7ABE30041C039 /* CatagoryFilterViewController.m */,
				49CEFED31BE7AC570041C039 /* RegionFilterViewController.h */,
				49CEFED41BE7AC570041C039 /* RegionFilterViewController.m */,
			);
			path = ViewController;
			sourceTree = "<group>";
		};
		49265B471BDE902C0062F025 /* Views */ = {
			isa = PBXGroup;
			children = (
				A6E78A111BDFB2A40024101E /* CityListViewCell.h */,
				A6E78A121BDFB2A40024101E /* CityListViewCell.m */,
				492A9F731BE26B8300F47AB2 /* SortPopView.h */,
				492A9F741BE26B8300F47AB2 /* SortPopView.m */,
				492A9F761BE26DC200F47AB2 /* SortCell.h */,
				492A9F771BE26DC200F47AB2 /* SortCell.m */,
				49CEFEC31BE513140041C039 /* LeftFilterCell.h */,
				49CEFEC41BE513140041C039 /* LeftFilterCell.m */,
			);
			path = Views;
			sourceTree = "<group>";
		};
		49265B4B1BDE94120062F025 /* Resource */ = {
			isa = PBXGroup;
			children = (
				49265B4C1BDE94120062F025 /* PlistData */,
			);
			path = Resource;
			sourceTree = "<group>";
		};
		49265B4C1BDE94120062F025 /* PlistData */ = {
			isa = PBXGroup;
			children = (
				49265B4D1BDE94120062F025 /* categories.plist */,
				49265B4E1BDE94120062F025 /* cities.plist */,
				49265B4F1BDE94120062F025 /* cityGroups.plist */,
				49265B501BDE94120062F025 /* sorts.plist */,
			);
			path = PlistData;
			sourceTree = "<group>";
		};
		49873A3C1BF4EB5E0032B347 /* UIScrollView+BottomRefreshControl */ = {
			isa = PBXGroup;
			children = (
				49873A3D1BF4EB5E0032B347 /* UIScrollView+BottomRefreshControl.h */,
				49873A3E1BF4EB5E0032B347 /* UIScrollView+BottomRefreshControl.m */,
			);
			path = "UIScrollView+BottomRefreshControl";
			sourceTree = "<group>";
		};
		49873A401BF4EBC20032B347 /* Masonry */ = {
			isa = PBXGroup;
			children = (
				49873A411BF4EBC20032B347 /* MASCompositeConstraint.h */,
				49873A421BF4EBC20032B347 /* MASCompositeConstraint.m */,
				49873A431BF4EBC20032B347 /* MASConstraint+Private.h */,
				49873A441BF4EBC20032B347 /* MASConstraint.h */,
				49873A451BF4EBC20032B347 /* MASConstraint.m */,
				49873A461BF4EBC20032B347 /* MASConstraintMaker.h */,
				49873A471BF4EBC20032B347 /* MASConstraintMaker.m */,
				49873A481BF4EBC20032B347 /* MASLayoutConstraint.h */,
				49873A491BF4EBC20032B347 /* MASLayoutConstraint.m */,
				49873A4A1BF4EBC20032B347 /* Masonry.h */,
				49873A4B1BF4EBC20032B347 /* MASUtilities.h */,
				49873A4C1BF4EBC20032B347 /* MASViewAttribute.h */,
				49873A4D1BF4EBC20032B347 /* MASViewAttribute.m */,
				49873A4E1BF4EBC20032B347 /* MASViewConstraint.h */,
				49873A4F1BF4EBC20032B347 /* MASViewConstraint.m */,
				49873A501BF4EBC20032B347 /* NSArray+MASAdditions.h */,
				49873A511BF4EBC20032B347 /* NSArray+MASAdditions.m */,
				49873A521BF4EBC20032B347 /* NSArray+MASShorthandAdditions.h */,
				49873A531BF4EBC20032B347 /* NSLayoutConstraint+MASDebugAdditions.h */,
				49873A541BF4EBC20032B347 /* NSLayoutConstraint+MASDebugAdditions.m */,
				49873A551BF4EBC20032B347 /* View+MASAdditions.h */,
				49873A561BF4EBC20032B347 /* View+MASAdditions.m */,
				49873A571BF4EBC20032B347 /* View+MASShorthandAdditions.h */,
			);
			path = Masonry;
			sourceTree = "<group>";
		};
		4999F9161BF8B60400A8656C /* MBProgressHUD */ = {
			isa = PBXGroup;
			children = (
				4999F9171BF8B60400A8656C /* MBProgressHUD.h */,
				4999F9181BF8B60400A8656C /* MBProgressHUD.m */,
			);
			path = MBProgressHUD;
			sourceTree = "<group>";
		};
		4999F9201BF8B64C00A8656C /* FrameWork */ = {
			isa = PBXGroup;
			children = (
				4999F91E1BF8B63E00A8656C /* CoreGraphics.framework */,
				4999F91C1BF8B63500A8656C /* UIKit.framework */,
				4999F91A1BF8B62C00A8656C /* Foundation.framework */,
			);
			name = FrameWork;
			sourceTree = "<group>";
		};
		4999F9211BF8CBC700A8656C /* DJRefresh */ = {
			isa = PBXGroup;
			children = (
				4999F9221BF8CBC700A8656C /* DJRefresh.bundle */,
				4999F9231BF8CBC700A8656C /* DJRefresh.h */,
				4999F9241BF8CBC700A8656C /* DJRefresh.m */,
				4999F9251BF8CBC700A8656C /* DJRefreshView */,
			);
			path = DJRefresh;
			sourceTree = "<group>";
		};
		4999F9251BF8CBC700A8656C /* DJRefreshView */ = {
			isa = PBXGroup;
			children = (
				4999F9261BF8CBC700A8656C /* DJRefreshBottomView.h */,
				4999F9271BF8CBC700A8656C /* DJRefreshBottomView.m */,
				4999F9281BF8CBC700A8656C /* DJRefreshMacro.h */,
				4999F9291BF8CBC700A8656C /* DJRefreshTopView.h */,
				4999F92A1BF8CBC700A8656C /* DJRefreshTopView.m */,
				4999F92B1BF8CBC700A8656C /* DJRefreshView.h */,
				4999F92C1BF8CBC700A8656C /* DJRefreshView.m */,
			);
			path = DJRefreshView;
			sourceTree = "<group>";
		};
		49CEFEC61BE667D00041C039 /* Common */ = {
			isa = PBXGroup;
			children = (
				49CEFECA1BE668630041C039 /* FindDealsRequestFactory.h */,
				49CEFECB1BE668630041C039 /* FindDealsRequestFactory.m */,
			);
			path = Common;
			sourceTree = "<group>";
		};
		49F456631BF8707900F557B8 /* LocationMgr */ = {
			isa = PBXGroup;
			children = (
				49F456641BF8707900F557B8 /* LocationMgr.h */,
				49F456651BF8707900F557B8 /* LocationMgr.m */,
			);
			path = LocationMgr;
			sourceTree = "<group>";
		};
		A610EB7F1BCEAE1300B25B4D /* HomePage */ = {
			isa = PBXGroup;
			children = (
				49CEFEC61BE667D00041C039 /* Common */,
				A610EB811BCEAE1300B25B4D /* ViewController */,
				A610EB841BCEAE1300B25B4D /* Views */,
			);
			path = HomePage;
			sourceTree = "<group>";
		};
		A610EB811BCEAE1300B25B4D /* ViewController */ = {
			isa = PBXGroup;
			children = (
				A610EB821BCEAE1300B25B4D /* HomeViewController.h */,
				A610EB831BCEAE1300B25B4D /* HomeViewController.m */,
			);
			path = ViewController;
			sourceTree = "<group>";
		};
		A610EB841BCEAE1300B25B4D /* Views */ = {
			isa = PBXGroup;
			children = (
				A610EB851BCEAE1300B25B4D /* HomeCollectionViewCell.h */,
				A610EB861BCEAE1300B25B4D /* HomeCollectionViewCell.m */,
			);
			path = Views;
			sourceTree = "<group>";
		};
		A610EB871BCEAE1300B25B4D /* Lib */ = {
			isa = PBXGroup;
			children = (
				4999F9211BF8CBC700A8656C /* DJRefresh */,
				4999F9161BF8B60400A8656C /* MBProgressHUD */,
				49F456631BF8707900F557B8 /* LocationMgr */,
				49107F2C1BF82A6E00B0338E /* Catagory */,
				49873A401BF4EBC20032B347 /* Masonry */,
				49873A3C1BF4EB5E0032B347 /* UIScrollView+BottomRefreshControl */,
				A610EB881BCEAE1300B25B4D /* DPSDK */,
				A610EB8E1BCEAE1300B25B4D /* SDWebImage */,
				A600E40A1BDCEBA100A8F20B /* CommonMethod.h */,
				A600E40B1BDCEBA100A8F20B /* CommonMethod.m */,
			);
			path = Lib;
			sourceTree = "<group>";
		};
		A610EB881BCEAE1300B25B4D /* DPSDK */ = {
			isa = PBXGroup;
			children = (
				A610EB891BCEAE1300B25B4D /* DPAPI.h */,
				A610EB8A1BCEAE1300B25B4D /* DPAPI.m */,
				A610EB8B1BCEAE1300B25B4D /* DPConstants.h */,
				A610EB8C1BCEAE1300B25B4D /* DPRequest.h */,
				A610EB8D1BCEAE1300B25B4D /* DPRequest.m */,
			);
			path = DPSDK;
			sourceTree = "<group>";
		};
		A610EB8E1BCEAE1300B25B4D /* SDWebImage */ = {
			isa = PBXGroup;
			children = (
				A610EB8F1BCEAE1300B25B4D /* MKAnnotationView+WebCache.h */,
				A610EB901BCEAE1300B25B4D /* MKAnnotationView+WebCache.m */,
				A610EB911BCEAE1300B25B4D /* NSData+ImageContentType.h */,
				A610EB921BCEAE1300B25B4D /* NSData+ImageContentType.m */,
				A610EB931BCEAE1300B25B4D /* SDImageCache.h */,
				A610EB941BCEAE1300B25B4D /* SDImageCache.m */,
				A610EB951BCEAE1300B25B4D /* SDWebImageCompat.h */,
				A610EB961BCEAE1300B25B4D /* SDWebImageCompat.m */,
				A610EB971BCEAE1300B25B4D /* SDWebImageDecoder.h */,
				A610EB981BCEAE1300B25B4D /* SDWebImageDecoder.m */,
				A610EB991BCEAE1300B25B4D /* SDWebImageDownloader.h */,
				A610EB9A1BCEAE1300B25B4D /* SDWebImageDownloader.m */,
				A610EB9B1BCEAE1300B25B4D /* SDWebImageDownloaderOperation.h */,
				A610EB9C1BCEAE1300B25B4D /* SDWebImageDownloaderOperation.m */,
				A610EB9D1BCEAE1300B25B4D /* SDWebImageManager.h */,
				A610EB9E1BCEAE1300B25B4D /* SDWebImageManager.m */,
				A610EB9F1BCEAE1300B25B4D /* SDWebImageOperation.h */,
				A610EBA01BCEAE1300B25B4D /* SDWebImagePrefetcher.h */,
				A610EBA11BCEAE1300B25B4D /* SDWebImagePrefetcher.m */,
				A610EBA21BCEAE1300B25B4D /* UIButton+WebCache.h */,
				A610EBA31BCEAE1300B25B4D /* UIButton+WebCache.m */,
				A610EBA41BCEAE1300B25B4D /* UIImage+GIF.h */,
				A610EBA51BCEAE1300B25B4D /* UIImage+GIF.m */,
				A610EBA61BCEAE1300B25B4D /* UIImage+MultiFormat.h */,
				A610EBA71BCEAE1300B25B4D /* UIImage+MultiFormat.m */,
				A610EBA81BCEAE1300B25B4D /* UIImage+WebP.h */,
				A610EBA91BCEAE1300B25B4D /* UIImage+WebP.m */,
				A610EBAA1BCEAE1300B25B4D /* UIImageView+HighlightedWebCache.h */,
				A610EBAB1BCEAE1300B25B4D /* UIImageView+HighlightedWebCache.m */,
				A610EBAC1BCEAE1300B25B4D /* UIImageView+WebCache.h */,
				A610EBAD1BCEAE1300B25B4D /* UIImageView+WebCache.m */,
				A610EBAE1BCEAE1300B25B4D /* UIView+WebCacheOperation.h */,
				A610EBAF1BCEAE1300B25B4D /* UIView+WebCacheOperation.m */,
			);
			path = SDWebImage;
			sourceTree = "<group>";
		};
		A67083FB1BC943EA00F6A40F = {
			isa = PBXGroup;
			children = (
				A67084061BC943EA00F6A40F /* MeiTuan */,
				A67084201BC943EB00F6A40F /* MeiTuanTests */,
				A67084051BC943EA00F6A40F /* Products */,
			);
			sourceTree = "<group>";
		};
		A67084051BC943EA00F6A40F /* Products */ = {
			isa = PBXGroup;
			children = (
				A67084041BC943EA00F6A40F /* 欣欣然购.app */,
			);
			name = Products;
			sourceTree = "<group>";
		};
		A67084061BC943EA00F6A40F /* MeiTuan */ = {
			isa = PBXGroup;
			children = (
				A610EB7F1BCEAE1300B25B4D /* HomePage */,
				49265B271BDE8D680062F025 /* DetailPage */,
				49265B441BDE902C0062F025 /* SearchFilter */,
				A610EB871BCEAE1300B25B4D /* Lib */,
				49265B4B1BDE94120062F025 /* Resource */,
				A670840B1BC943EA00F6A40F /* AppDelegate.h */,
				A670840C1BC943EA00F6A40F /* AppDelegate.m */,
				A67084111BC943EA00F6A40F /* Main.storyboard */,
				A67084141BC943EA00F6A40F /* Images.xcassets */,
				A67084161BC943EA00F6A40F /* LaunchScreen.xib */,
				A67084071BC943EA00F6A40F /* Supporting Files */,
				4999F9201BF8B64C00A8656C /* FrameWork */,
				A610EBC41BCEB17F00B25B4D /* PrefixHeader.pch */,
			);
			path = MeiTuan;
			sourceTree = "<group>";
		};
		A67084071BC943EA00F6A40F /* Supporting Files */ = {
			isa = PBXGroup;
			children = (
				A67084081BC943EA00F6A40F /* Info.plist */,
				A67084091BC943EA00F6A40F /* main.m */,
			);
			name = "Supporting Files";
			sourceTree = "<group>";
		};
		A67084201BC943EB00F6A40F /* MeiTuanTests */ = {
			isa = PBXGroup;
			children = (
				A67084231BC943EB00F6A40F /* MeiTuanTests.m */,
				A67084211BC943EB00F6A40F /* Supporting Files */,
			);
			path = MeiTuanTests;
			sourceTree = "<group>";
		};
		A67084211BC943EB00F6A40F /* Supporting Files */ = {
			isa = PBXGroup;
			children = (
				A67084221BC943EB00F6A40F /* Info.plist */,
			);
			name = "Supporting Files";
			sourceTree = "<group>";
		};
/* End PBXGroup section */

/* Begin PBXNativeTarget section */
		A67084031BC943EA00F6A40F /* MeiTuan */ = {
			isa = PBXNativeTarget;
			buildConfigurationList = A67084271BC943EB00F6A40F /* Build configuration list for PBXNativeTarget "MeiTuan" */;
			buildPhases = (
				A67084001BC943EA00F6A40F /* Sources */,
				A67084011BC943EA00F6A40F /* Frameworks */,
				A67084021BC943EA00F6A40F /* Resources */,
			);
			buildRules = (
			);
			dependencies = (
			);
			name = MeiTuan;
			productName = MeiTuan;
			productReference = A67084041BC943EA00F6A40F /* 欣欣然购.app */;
			productType = "com.apple.product-type.application";
		};
/* End PBXNativeTarget section */

/* Begin PBXProject section */
		A67083FC1BC943EA00F6A40F /* Project object */ = {
			isa = PBXProject;
			attributes = {
				LastUpgradeCheck = 0700;
				ORGANIZATIONNAME = gaofan;
				TargetAttributes = {
					A67084031BC943EA00F6A40F = {
						CreatedOnToolsVersion = 6.3.2;
					};
				};
			};
			buildConfigurationList = A67083FF1BC943EA00F6A40F /* Build configuration list for PBXProject "MeiTuan" */;
			compatibilityVersion = "Xcode 3.2";
			developmentRegion = English;
			hasScannedForEncodings = 0;
			knownRegions = (
				en,
				Base,
			);
			mainGroup = A67083FB1BC943EA00F6A40F;
			productRefGroup = A67084051BC943EA00F6A40F /* Products */;
			projectDirPath = "";
			projectRoot = "";
			targets = (
				A67084031BC943EA00F6A40F /* MeiTuan */,
			);
		};
/* End PBXProject section */

/* Begin PBXResourcesBuildPhase section */
		A67084021BC943EA00F6A40F /* Resources */ = {
			isa = PBXResourcesBuildPhase;
			buildActionMask = 2147483647;
			files = (
				49265B511BDE94120062F025 /* categories.plist in Resources */,
				A67084131BC943EA00F6A40F /* Main.storyboard in Resources */,
				49265B541BDE94120062F025 /* sorts.plist in Resources */,
				A67084181BC943EA00F6A40F /* LaunchScreen.xib in Resources */,
				49265B521BDE94120062F025 /* cities.plist in Resources */,
				4999F92D1BF8CBC700A8656C /* DJRefresh.bundle in Resources */,
				A67084151BC943EA00F6A40F /* Images.xcassets in Resources */,
				49265B531BDE94120062F025 /* cityGroups.plist in Resources */,
			);
			runOnlyForDeploymentPostprocessing = 0;
		};
/* End PBXResourcesBuildPhase section */

/* Begin PBXSourcesBuildPhase section */
		A67084001BC943EA00F6A40F /* Sources */ = {
			isa = PBXSourcesBuildPhase;
			buildActionMask = 2147483647;
			files = (
				49873A5E1BF4EBC20032B347 /* NSArray+MASAdditions.m in Sources */,
				49873A3F1BF4EB5E0032B347 /* UIScrollView+BottomRefreshControl.m in Sources */,
				49265B4A1BDE90C10062F025 /* CityListViewController.m in Sources */,
				A610EBB21BCEAE1300B25B4D /* DPAPI.m in Sources */,
				A600E40C1BDCEBA100A8F20B /* CommonMethod.m in Sources */,
				49873A601BF4EBC20032B347 /* View+MASAdditions.m in Sources */,
				492A9F751BE26B8300F47AB2 /* SortPopView.m in Sources */,
				49F456661BF8707900F557B8 /* LocationMgr.m in Sources */,
				49265B421BDE8D680062F025 /* DealParterInfoCell.m in Sources */,
				492A9F7B1BE283BB00F47AB2 /* SeachViewController.m in Sources */,
				A610EBBB1BCEAE1300B25B4D /* SDWebImageManager.m in Sources */,
				49873A5C1BF4EBC20032B347 /* MASViewAttribute.m in Sources */,
				A610EBB61BCEAE1300B25B4D /* SDImageCache.m in Sources */,
				A610EBBA1BCEAE1300B25B4D /* SDWebImageDownloaderOperation.m in Sources */,
				49CEFED21BE7ABE30041C039 /* CatagoryFilterViewController.m in Sources */,
				49CEFECC1BE668630041C039 /* FindDealsRequestFactory.m in Sources */,
				49873A5B1BF4EBC20032B347 /* MASLayoutConstraint.m in Sources */,
				49873A581BF4EBC20032B347 /* MASCompositeConstraint.m in Sources */,
				49873A5D1BF4EBC20032B347 /* MASViewConstraint.m in Sources */,
				A610EBC31BCEAE1300B25B4D /* UIView+WebCacheOperation.m in Sources */,
				49CEFEC21BE463230041C039 /* BaseFilterViewController.m in Sources */,
				A610EBB31BCEAE1300B25B4D /* DPRequest.m in Sources */,
				49873A591BF4EBC20032B347 /* MASConstraint.m in Sources */,
				A610EBBD1BCEAE1300B25B4D /* UIButton+WebCache.m in Sources */,
				4999F9191BF8B60400A8656C /* MBProgressHUD.m in Sources */,
				A610EBB51BCEAE1300B25B4D /* NSData+ImageContentType.m in Sources */,
				A610EBBC1BCEAE1300B25B4D /* SDWebImagePrefetcher.m in Sources */,
				49107F2F1BF82A6E00B0338E /* UIImage+Color.m in Sources */,
				492A9F781BE26DC200F47AB2 /* SortCell.m in Sources */,
				A610EBB91BCEAE1300B25B4D /* SDWebImageDownloader.m in Sources */,
				A610EBB01BCEAE1300B25B4D /* HomeViewController.m in Sources */,
				A610EBC01BCEAE1300B25B4D /* UIImage+WebP.m in Sources */,
				49CEFEC51BE513140041C039 /* LeftFilterCell.m in Sources */,
				49265B401BDE8D680062F025 /* DetailMutipleWordsCell.m in Sources */,
				A610EBC21BCEAE1300B25B4D /* UIImageView+WebCache.m in Sources */,
				A610EBB81BCEAE1300B25B4D /* SDWebImageDecoder.m in Sources */,
				A610EBB11BCEAE1300B25B4D /* HomeCollectionViewCell.m in Sources */,
				49265B3C1BDE8D680062F025 /* OtherDealsData.m in Sources */,
				A610EBB41BCEAE1300B25B4D /* MKAnnotationView+WebCache.m in Sources */,
				A610EBB71BCEAE1300B25B4D /* SDWebImageCompat.m in Sources */,
				4999F9301BF8CBC700A8656C /* DJRefreshTopView.m in Sources */,
				4999F92F1BF8CBC700A8656C /* DJRefreshBottomView.m in Sources */,
				49265B3E1BDE8D680062F025 /* DealDetailViewController.m in Sources */,
				A670840D1BC943EA00F6A40F /* AppDelegate.m in Sources */,
				49265B3F1BDE8D680062F025 /* DetailHeaderCell.m in Sources */,
				49CEFED51BE7AC570041C039 /* RegionFilterViewController.m in Sources */,
				A670840A1BC943EA00F6A40F /* main.m in Sources */,
				A610EBBF1BCEAE1300B25B4D /* UIImage+MultiFormat.m in Sources */,
				4999F9311BF8CBC700A8656C /* DJRefreshView.m in Sources */,
				49873A5F1BF4EBC20032B347 /* NSLayoutConstraint+MASDebugAdditions.m in Sources */,
				49265B3D1BDE8D680062F025 /* BuyWebViewController.m in Sources */,
				A610EBC11BCEAE1300B25B4D /* UIImageView+HighlightedWebCache.m in Sources */,
				4999F92E1BF8CBC700A8656C /* DJRefresh.m in Sources */,
				49873A5A1BF4EBC20032B347 /* MASConstraintMaker.m in Sources */,
				A6E78A131BDFB2A40024101E /* CityListViewCell.m in Sources */,
				A610EBBE1BCEAE1300B25B4D /* UIImage+GIF.m in Sources */,
				49265B411BDE8D680062F025 /* DetailOtherDealCell.m in Sources */,
			);
			runOnlyForDeploymentPostprocessing = 0;
		};
/* End PBXSourcesBuildPhase section */

/* Begin PBXVariantGroup section */
		A67084111BC943EA00F6A40F /* Main.storyboard */ = {
			isa = PBXVariantGroup;
			children = (
				A67084121BC943EA00F6A40F /* Base */,
				49C243421C004DE100E70783 /* zh-Hans */,
			);
			name = Main.storyboard;
			sourceTree = "<group>";
		};
		A67084161BC943EA00F6A40F /* LaunchScreen.xib */ = {
			isa = PBXVariantGroup;
			children = (
				A67084171BC943EA00F6A40F /* Base */,
				49C243431C004DE100E70783 /* zh-Hans */,
			);
			name = LaunchScreen.xib;
			sourceTree = "<group>";
		};
/* End PBXVariantGroup section */

/* Begin XCBuildConfiguration section */
		A67084251BC943EB00F6A40F /* Debug */ = {
			isa = XCBuildConfiguration;
			buildSettings = {
				ALWAYS_SEARCH_USER_PATHS = NO;
				CLANG_CXX_LANGUAGE_STANDARD = "gnu++0x";
				CLANG_CXX_LIBRARY = "libc++";
				CLANG_ENABLE_MODULES = YES;
				CLANG_ENABLE_OBJC_ARC = YES;
				CLANG_WARN_BOOL_CONVERSION = YES;
				CLANG_WARN_CONSTANT_CONVERSION = YES;
				CLANG_WARN_DIRECT_OBJC_ISA_USAGE = YES_ERROR;
				CLANG_WARN_EMPTY_BODY = YES;
				CLANG_WARN_ENUM_CONVERSION = YES;
				CLANG_WARN_INT_CONVERSION = YES;
				CLANG_WARN_OBJC_ROOT_CLASS = YES_ERROR;
				CLANG_WARN_UNREACHABLE_CODE = YES;
				CLANG_WARN__DUPLICATE_METHOD_MATCH = YES;
				CODE_SIGN_IDENTITY = "iPhone Distribution: Yong Gao (2B9QX8E39M)";
				"CODE_SIGN_IDENTITY[sdk=iphoneos*]" = "iPhone Distribution: Yong Gao (2B9QX8E39M)";
				COPY_PHASE_STRIP = NO;
				DEBUG_INFORMATION_FORMAT = "dwarf-with-dsym";
				ENABLE_STRICT_OBJC_MSGSEND = YES;
				ENABLE_TESTABILITY = YES;
				GCC_C_LANGUAGE_STANDARD = gnu99;
				GCC_DYNAMIC_NO_PIC = NO;
				GCC_NO_COMMON_BLOCKS = YES;
				GCC_OPTIMIZATION_LEVEL = 0;
				GCC_PREPROCESSOR_DEFINITIONS = (
					"DEBUG=1",
					"$(inherited)",
				);
				GCC_SYMBOLS_PRIVATE_EXTERN = NO;
				GCC_WARN_64_TO_32_BIT_CONVERSION = YES;
				GCC_WARN_ABOUT_RETURN_TYPE = YES_ERROR;
				GCC_WARN_UNDECLARED_SELECTOR = YES;
				GCC_WARN_UNINITIALIZED_AUTOS = YES_AGGRESSIVE;
				GCC_WARN_UNUSED_FUNCTION = YES;
				GCC_WARN_UNUSED_VARIABLE = YES;
				IPHONEOS_DEPLOYMENT_TARGET = 7.0;
				MTL_ENABLE_DEBUG_INFO = YES;
				ONLY_ACTIVE_ARCH = YES;
				PRODUCT_NAME = "欣欣然购";
				PROVISIONING_PROFILE = "111150a2-9f70-422f-9d10-8119e5a9770c";
				SDKROOT = iphoneos;
			};
			name = Debug;
		};
		A67084261BC943EB00F6A40F /* Release */ = {
			isa = XCBuildConfiguration;
			buildSettings = {
				ALWAYS_SEARCH_USER_PATHS = NO;
				CLANG_CXX_LANGUAGE_STANDARD = "gnu++0x";
				CLANG_CXX_LIBRARY = "libc++";
				CLANG_ENABLE_MODULES = YES;
				CLANG_ENABLE_OBJC_ARC = YES;
				CLANG_WARN_BOOL_CONVERSION = YES;
				CLANG_WARN_CONSTANT_CONVERSION = YES;
				CLANG_WARN_DIRECT_OBJC_ISA_USAGE = YES_ERROR;
				CLANG_WARN_EMPTY_BODY = YES;
				CLANG_WARN_ENUM_CONVERSION = YES;
				CLANG_WARN_INT_CONVERSION = YES;
				CLANG_WARN_OBJC_ROOT_CLASS = YES_ERROR;
				CLANG_WARN_UNREACHABLE_CODE = YES;
				CLANG_WARN__DUPLICATE_METHOD_MATCH = YES;
				CODE_SIGN_IDENTITY = "iPhone Distribution: Yong Gao (2B9QX8E39M)";
				"CODE_SIGN_IDENTITY[sdk=iphoneos*]" = "iPhone Distribution: Yong Gao (2B9QX8E39M)";
				COPY_PHASE_STRIP = NO;
				DEBUG_INFORMATION_FORMAT = "dwarf-with-dsym";
				ENABLE_NS_ASSERTIONS = NO;
				ENABLE_STRICT_OBJC_MSGSEND = YES;
				GCC_C_LANGUAGE_STANDARD = gnu99;
				GCC_NO_COMMON_BLOCKS = YES;
				GCC_WARN_64_TO_32_BIT_CONVERSION = YES;
				GCC_WARN_ABOUT_RETURN_TYPE = YES_ERROR;
				GCC_WARN_UNDECLARED_SELECTOR = YES;
				GCC_WARN_UNINITIALIZED_AUTOS = YES_AGGRESSIVE;
				GCC_WARN_UNUSED_FUNCTION = YES;
				GCC_WARN_UNUSED_VARIABLE = YES;
				IPHONEOS_DEPLOYMENT_TARGET = 7.0;
				MTL_ENABLE_DEBUG_INFO = NO;
				PRODUCT_NAME = "欣欣然购";
				PROVISIONING_PROFILE = "111150a2-9f70-422f-9d10-8119e5a9770c";
				SDKROOT = iphoneos;
				VALIDATE_PRODUCT = YES;
			};
			name = Release;
		};
		A67084281BC943EB00F6A40F /* Debug */ = {
			isa = XCBuildConfiguration;
			buildSettings = {
				ASSETCATALOG_COMPILER_APPICON_NAME = AppIcon;
				CODE_SIGN_IDENTITY = "iPhone Distribution: Yong Gao (2B9QX8E39M)";
				"CODE_SIGN_IDENTITY[sdk=iphoneos*]" = "iPhone Distribution: Yong Gao (2B9QX8E39M)";
				GCC_PREFIX_HEADER = MeiTuan/PrefixHeader.pch;
				INFOPLIST_FILE = MeiTuan/Info.plist;
				LD_RUNPATH_SEARCH_PATHS = "$(inherited) @executable_path/Frameworks";
				PRODUCT_BUNDLE_IDENTIFIER = com.gaofan.xinxinrangou;
				PRODUCT_NAME = "欣欣然购";
				PROVISIONING_PROFILE = "111150a2-9f70-422f-9d10-8119e5a9770c";
			};
			name = Debug;
		};
		A67084291BC943EB00F6A40F /* Release */ = {
			isa = XCBuildConfiguration;
			buildSettings = {
				ASSETCATALOG_COMPILER_APPICON_NAME = AppIcon;
				CODE_SIGN_IDENTITY = "iPhone Distribution: Yong Gao (2B9QX8E39M)";
				"CODE_SIGN_IDENTITY[sdk=iphoneos*]" = "iPhone Distribution: Yong Gao (2B9QX8E39M)";
				GCC_PREFIX_HEADER = MeiTuan/PrefixHeader.pch;
				INFOPLIST_FILE = MeiTuan/Info.plist;
				LD_RUNPATH_SEARCH_PATHS = "$(inherited) @executable_path/Frameworks";
				PRODUCT_BUNDLE_IDENTIFIER = com.gaofan.xinxinrangou;
				PRODUCT_NAME = "欣欣然购";
				PROVISIONING_PROFILE = "111150a2-9f70-422f-9d10-8119e5a9770c";
			};
			name = Release;
		};
/* End XCBuildConfiguration section */

/* Begin XCConfigurationList section */
		A67083FF1BC943EA00F6A40F /* Build configuration list for PBXProject "MeiTuan" */ = {
			isa = XCConfigurationList;
			buildConfigurations = (
				A67084251BC943EB00F6A40F /* Debug */,
				A67084261BC943EB00F6A40F /* Release */,
			);
			defaultConfigurationIsVisible = 0;
			defaultConfigurationName = Release;
		};
		A67084271BC943EB00F6A40F /* Build configuration list for PBXNativeTarget "MeiTuan" */ = {
			isa = XCConfigurationList;
			buildConfigurations = (
				A67084281BC943EB00F6A40F /* Debug */,
				A67084291BC943EB00F6A40F /* Release */,
			);
			defaultConfigurationIsVisible = 0;
			defaultConfigurationName = Release;
		};
/* End XCConfigurationList section */
	};
	rootObject = A67083FC1BC943EA00F6A40F /* Project object */;
}
